
Microsoft Visual Studio Solution File, Format Version 12.00
# Visual Studio Version 17
VisualStudioVersion = 17.5.002.0
MinimumVisualStudioVersion = 10.0.40219.1
Project("{FAE04EC0-301F-11D3-BF4B-00C04F79EFBC}") = "BuilderRPG", "BuilderRPG\BuilderRPG.csproj", "{7A8C66C3-252C-4954-841D-B466DFCDAE53}"
EndProject
Project("{FAE04EC0-301F-11D3-BF4B-00C04F79EFBC}") = "PrototypeEnemy", "PrototypeEnemy\PrototypeEnemy.csproj", "{B71D08BD-269C-428D-B519-525B7D91574D}"
EndProject
Project("{FAE04EC0-301F-11D3-BF4B-00C04F79EFBC}") = "SingletonFootball", "SingletonFootball\SingletonFootball.csproj", "{0685933A-4468-4C5D-86A1-01FB158F3F29}"
EndProject
Project("{FAE04EC0-301F-11D3-BF4B-00C04F79EFBC}") = "AdapterPlayer", "AdapterPlayer\AdapterPlayer.csproj", "{2F2C3181-8F1C-4940-B488-AF283681CBB8}"
EndProject
Global
	GlobalSection(SolutionConfigurationPlatforms) = preSolution
		Debug|Any CPU = Debug|Any CPU
		Release|Any CPU = Release|Any CPU
	EndGlobalSection
	GlobalSection(ProjectConfigurationPlatforms) = postSolution
		{E21444A6-6C3A-473D-A7FB-EA62C9920142}.Debug|Any CPU.ActiveCfg = Debug|Any CPU
		{E21444A6-6C3A-473D-A7FB-EA62C9920142}.Debug|Any CPU.Build.0 = Debug|Any CPU
		{E21444A6-6C3A-473D-A7FB-EA62C9920142}.Release|Any CPU.ActiveCfg = Release|Any CPU
		{E21444A6-6C3A-473D-A7FB-EA62C9920142}.Release|Any CPU.Build.0 = Release|Any CPU
		{7A8C66C3-252C-4954-841D-B466DFCDAE53}.Debug|Any CPU.ActiveCfg = Debug|Any CPU
		{7A8C66C3-252C-4954-841D-B466DFCDAE53}.Debug|Any CPU.Build.0 = Debug|Any CPU
		{7A8C66C3-252C-4954-841D-B466DFCDAE53}.Release|Any CPU.ActiveCfg = Release|Any CPU
		{7A8C66C3-252C-4954-841D-B466DFCDAE53}.Release|Any CPU.Build.0 = Release|Any CPU
		{B71D08BD-269C-428D-B519-525B7D91574D}.Debug|Any CPU.ActiveCfg = Debug|Any CPU
		{B71D08BD-269C-428D-B519-525B7D91574D}.Debug|Any CPU.Build.0 = Debug|Any CPU
		{B71D08BD-269C-428D-B519-525B7D91574D}.Release|Any CPU.ActiveCfg = Release|Any CPU
		{B71D08BD-269C-428D-B519-525B7D91574D}.Release|Any CPU.Build.0 = Release|Any CPU
		{0685933A-4468-4C5D-86A1-01FB158F3F29}.Debug|Any CPU.ActiveCfg = Debug|Any CPU
		{0685933A-4468-4C5D-86A1-01FB158F3F29}.Debug|Any CPU.Build.0 = Debug|Any CPU
		{0685933A-4468-4C5D-86A1-01FB158F3F29}.Release|Any CPU.ActiveCfg = Release|Any CPU
		{0685933A-4468-4C5D-86A1-01FB158F3F29}.Release|Any CPU.Build.0 = Release|Any CPU
		{2F2C3181-8F1C-4940-B488-AF283681CBB8}.Debug|Any CPU.ActiveCfg = Debug|Any CPU
		{2F2C3181-8F1C-4940-B488-AF283681CBB8}.Debug|Any CPU.Build.0 = Debug|Any CPU
		{2F2C3181-8F1C-4940-B488-AF283681CBB8}.Release|Any CPU.ActiveCfg = Release|Any CPU
		{2F2C3181-8F1C-4940-B488-AF283681CBB8}.Release|Any CPU.Build.0 = Release|Any CPU
	EndGlobalSection
	GlobalSection(SolutionProperties) = preSolution
		HideSolutionNode = FALSE
	EndGlobalSection
	GlobalSection(ExtensibilityGlobals) = postSolution
		SolutionGuid = {77733390-22BC-40FD-B5DC-536CA28843A1}
	EndGlobalSection
EndGlobal
